
Microsoft Visual Studio Solution File, Format Version 12.00
# Visual Studio Version 16
VisualStudioVersion = 16.0.31911.196
MinimumVisualStudioVersion = 10.0.40219.1
Project("{9A19103F-16F7-4668-BE54-9A1E7A4F7556}") = "Cookbook", "Cookbook.csproj", "{00774ED1-A330-4E8E-82F2-E5D75F059A24}"
EndProject
Project("{2150E333-8FDC-42A3-9474-1A3956D46DE8}") = "1 -Application", "1 -Application", "{1DDAACA4-C726-4C05-A9CE-DCB4A878C250}"
EndProject
Project("{2150E333-8FDC-42A3-9474-1A3956D46DE8}") = "2 - Domain", "2 - Domain", "{222DEA69-E283-473B-92BF-6C2534238571}"
EndProject
Project("{2150E333-8FDC-42A3-9474-1A3956D46DE8}") = "3 - Service", "3 - Service", "{182D4131-2E2A-4065-994E-57D04E61901F}"
EndProject
Project("{2150E333-8FDC-42A3-9474-1A3956D46DE8}") = "4 - Infrastructure", "4 - Infrastructure", "{4E4FEF25-BDFF-4A86-A572-5A518AAC9FAF}"
EndProject
Project("{9A19103F-16F7-4668-BE54-9A1E7A4F7556}") = "Cookbook.Domain", "..\Cookbook.Domain\Cookbook.Domain.csproj", "{C17155C6-8FCC-4D60-A9B9-43CD83A6697F}"
EndProject
Project("{9A19103F-16F7-4668-BE54-9A1E7A4F7556}") = "Cookbook.Service", "..\Cookbook.Service\Cookbook.Service.csproj", "{634C83AD-FF4B-4F89-8AF5-C23A78200ABF}"
EndProject
Project("{9A19103F-16F7-4668-BE54-9A1E7A4F7556}") = "Cookbook.Infrastructure", "..\Cookbook.Infrastructure\Cookbook.Infrastructure.csproj", "{CE6DC65D-7CE7-4DF3-8B1C-5F63C75BD895}"
EndProject
Project("{2150E333-8FDC-42A3-9474-1A3956D46DE8}") = "Cookbook", "Cookbook", "{E4E40059-5AA8-483D-9482-568E9FC708F7}"
EndProject
Global
	GlobalSection(SolutionConfigurationPlatforms) = preSolution
		Debug|Any CPU = Debug|Any CPU
		Release|Any CPU = Release|Any CPU
	EndGlobalSection
	GlobalSection(ProjectConfigurationPlatforms) = postSolution
		{00774ED1-A330-4E8E-82F2-E5D75F059A24}.Debug|Any CPU.ActiveCfg = Debug|Any CPU
		{00774ED1-A330-4E8E-82F2-E5D75F059A24}.Debug|Any CPU.Build.0 = Debug|Any CPU
		{00774ED1-A330-4E8E-82F2-E5D75F059A24}.Release|Any CPU.ActiveCfg = Release|Any CPU
		{00774ED1-A330-4E8E-82F2-E5D75F059A24}.Release|Any CPU.Build.0 = Release|Any CPU
		{C17155C6-8FCC-4D60-A9B9-43CD83A6697F}.Debug|Any CPU.ActiveCfg = Debug|Any CPU
		{C17155C6-8FCC-4D60-A9B9-43CD83A6697F}.Debug|Any CPU.Build.0 = Debug|Any CPU
		{C17155C6-8FCC-4D60-A9B9-43CD83A6697F}.Release|Any CPU.ActiveCfg = Release|Any CPU
		{C17155C6-8FCC-4D60-A9B9-43CD83A6697F}.Release|Any CPU.Build.0 = Release|Any CPU
		{634C83AD-FF4B-4F89-8AF5-C23A78200ABF}.Debug|Any CPU.ActiveCfg = Debug|Any CPU
		{634C83AD-FF4B-4F89-8AF5-C23A78200ABF}.Debug|Any CPU.Build.0 = Debug|Any CPU
		{634C83AD-FF4B-4F89-8AF5-C23A78200ABF}.Release|Any CPU.ActiveCfg = Release|Any CPU
		{634C83AD-FF4B-4F89-8AF5-C23A78200ABF}.Release|Any CPU.Build.0 = Release|Any CPU
		{CE6DC65D-7CE7-4DF3-8B1C-5F63C75BD895}.Debug|Any CPU.ActiveCfg = Debug|Any CPU
		{CE6DC65D-7CE7-4DF3-8B1C-5F63C75BD895}.Debug|Any CPU.Build.0 = Debug|Any CPU
		{CE6DC65D-7CE7-4DF3-8B1C-5F63C75BD895}.Release|Any CPU.ActiveCfg = Release|Any CPU
		{CE6DC65D-7CE7-4DF3-8B1C-5F63C75BD895}.Release|Any CPU.Build.0 = Release|Any CPU
	EndGlobalSection
	GlobalSection(SolutionProperties) = preSolution
		HideSolutionNode = FALSE
	EndGlobalSection
	GlobalSection(NestedProjects) = preSolution
		{00774ED1-A330-4E8E-82F2-E5D75F059A24} = {1DDAACA4-C726-4C05-A9CE-DCB4A878C250}
		{1DDAACA4-C726-4C05-A9CE-DCB4A878C250} = {E4E40059-5AA8-483D-9482-568E9FC708F7}
		{222DEA69-E283-473B-92BF-6C2534238571} = {E4E40059-5AA8-483D-9482-568E9FC708F7}
		{182D4131-2E2A-4065-994E-57D04E61901F} = {E4E40059-5AA8-483D-9482-568E9FC708F7}
		{4E4FEF25-BDFF-4A86-A572-5A518AAC9FAF} = {E4E40059-5AA8-483D-9482-568E9FC708F7}
		{C17155C6-8FCC-4D60-A9B9-43CD83A6697F} = {222DEA69-E283-473B-92BF-6C2534238571}
		{634C83AD-FF4B-4F89-8AF5-C23A78200ABF} = {182D4131-2E2A-4065-994E-57D04E61901F}
		{CE6DC65D-7CE7-4DF3-8B1C-5F63C75BD895} = {4E4FEF25-BDFF-4A86-A572-5A518AAC9FAF}
	EndGlobalSection
	GlobalSection(ExtensibilityGlobals) = postSolution
		SolutionGuid = {0DFE23AB-91C4-4362-A140-664AE8DBCCF0}
	EndGlobalSection
EndGlobal
